
Microsoft Visual Studio Solution File, Format Version 12.00
# Visual Studio Version 17
VisualStudioVersion = 17.11.35303.130
MinimumVisualStudioVersion = 10.0.40219.1
Project("{FAE04EC0-301F-11D3-BF4B-00C04F79EFBC}") = "Interventions", "Interventions.csproj", "{8848F6F7-6932-4130-A0C2-4AAD9C6A5C68}"
EndProject
Global
	GlobalSection(SolutionConfigurationPlatforms) = preSolution
		Debug|Any CPU = Debug|Any CPU
		Release|Any CPU = Release|Any CPU
	EndGlobalSection
	GlobalSection(ProjectConfigurationPlatforms) = postSolution
		{8848F6F7-6932-4130-A0C2-4AAD9C6A5C68}.Debug|Any CPU.ActiveCfg = Debug|Any CPU
		{8848F6F7-6932-4130-A0C2-4AAD9C6A5C68}.Debug|Any CPU.Build.0 = Debug|Any CPU
		{8848F6F7-6932-4130-A0C2-4AAD9C6A5C68}.Release|Any CPU.ActiveCfg = Release|Any CPU
		{8848F6F7-6932-4130-A0C2-4AAD9C6A5C68}.Release|Any CPU.Build.0 = Release|Any CPU
	EndGlobalSection
	GlobalSection(SolutionProperties) = preSolution
		HideSolutionNode = FALSE
	EndGlobalSection
	GlobalSection(ExtensibilityGlobals) = postSolution
		SolutionGuid = {DB2BB7E4-3937-488E-BE60-99AFC6971A7C}
	EndGlobalSection
EndGlobal
